
Microsoft Visual Studio Solution File, Format Version 12.00
# Visual Studio Version 16
VisualStudioVersion = 16.0.31005.135
MinimumVisualStudioVersion = 10.0.40219.1
Project("{2150E333-8FDC-42A3-9474-1A3956D46DE8}") = "Demo1", "Demo1", "{E930E2A2-FDD6-41F6-850A-4086D17998DC}"
EndProject
Project("{9A19103F-16F7-4668-BE54-9A1E7A4F7556}") = "DotNetCli.CommandLineParser", "Demo1\DotNetCli.CommandLineParser\DotNetCli.CommandLineParser.csproj", "{629C515C-428D-4B28-A0C2-84C0F7446643}"
EndProject
Project("{2150E333-8FDC-42A3-9474-1A3956D46DE8}") = "Demo2", "Demo2", "{EF94E110-AEF1-4DE6-892A-7572F3029D65}"
EndProject
Project("{2150E333-8FDC-42A3-9474-1A3956D46DE8}") = "Demo3", "Demo3", "{B5CA07BA-1372-41CA-AE7D-3464F98FD979}"
EndProject
Project("{9A19103F-16F7-4668-BE54-9A1E7A4F7556}") = "DotNetCli.CommandLineParser", "Demo3\DotNetCli.CommandLineParser\DotNetCli.CommandLineParser.csproj", "{24AE05EC-06E1-4C06-90D2-ED76B3443CE7}"
EndProject
Project("{9A19103F-16F7-4668-BE54-9A1E7A4F7556}") = "DotNetCli.CommandLineParser.Shared", "DotNetCli.CommandLineParser.Shared\DotNetCli.CommandLineParser.Shared.csproj", "{9974B987-5FAC-4F8D-BF3E-EFB9DEB037AE}"
EndProject
Project("{9A19103F-16F7-4668-BE54-9A1E7A4F7556}") = "DotNetCli.CommandLineParser", "Demo2\DotNetCli.CommandLineParser\DotNetCli.CommandLineParser.csproj", "{4812B76F-72E0-4140-BE91-4607740819E7}"
EndProject
Global
	GlobalSection(SolutionConfigurationPlatforms) = preSolution
		Debug|Any CPU = Debug|Any CPU
		Release|Any CPU = Release|Any CPU
	EndGlobalSection
	GlobalSection(ProjectConfigurationPlatforms) = postSolution
		{629C515C-428D-4B28-A0C2-84C0F7446643}.Debug|Any CPU.ActiveCfg = Debug|Any CPU
		{629C515C-428D-4B28-A0C2-84C0F7446643}.Debug|Any CPU.Build.0 = Debug|Any CPU
		{629C515C-428D-4B28-A0C2-84C0F7446643}.Release|Any CPU.ActiveCfg = Release|Any CPU
		{629C515C-428D-4B28-A0C2-84C0F7446643}.Release|Any CPU.Build.0 = Release|Any CPU
		{24AE05EC-06E1-4C06-90D2-ED76B3443CE7}.Debug|Any CPU.ActiveCfg = Debug|Any CPU
		{24AE05EC-06E1-4C06-90D2-ED76B3443CE7}.Debug|Any CPU.Build.0 = Debug|Any CPU
		{24AE05EC-06E1-4C06-90D2-ED76B3443CE7}.Release|Any CPU.ActiveCfg = Release|Any CPU
		{24AE05EC-06E1-4C06-90D2-ED76B3443CE7}.Release|Any CPU.Build.0 = Release|Any CPU
		{9974B987-5FAC-4F8D-BF3E-EFB9DEB037AE}.Debug|Any CPU.ActiveCfg = Debug|Any CPU
		{9974B987-5FAC-4F8D-BF3E-EFB9DEB037AE}.Debug|Any CPU.Build.0 = Debug|Any CPU
		{9974B987-5FAC-4F8D-BF3E-EFB9DEB037AE}.Release|Any CPU.ActiveCfg = Release|Any CPU
		{9974B987-5FAC-4F8D-BF3E-EFB9DEB037AE}.Release|Any CPU.Build.0 = Release|Any CPU
		{4812B76F-72E0-4140-BE91-4607740819E7}.Debug|Any CPU.ActiveCfg = Debug|Any CPU
		{4812B76F-72E0-4140-BE91-4607740819E7}.Debug|Any CPU.Build.0 = Debug|Any CPU
		{4812B76F-72E0-4140-BE91-4607740819E7}.Release|Any CPU.ActiveCfg = Release|Any CPU
		{4812B76F-72E0-4140-BE91-4607740819E7}.Release|Any CPU.Build.0 = Release|Any CPU
	EndGlobalSection
	GlobalSection(SolutionProperties) = preSolution
		HideSolutionNode = FALSE
	EndGlobalSection
	GlobalSection(NestedProjects) = preSolution
		{629C515C-428D-4B28-A0C2-84C0F7446643} = {E930E2A2-FDD6-41F6-850A-4086D17998DC}
		{24AE05EC-06E1-4C06-90D2-ED76B3443CE7} = {B5CA07BA-1372-41CA-AE7D-3464F98FD979}
		{4812B76F-72E0-4140-BE91-4607740819E7} = {EF94E110-AEF1-4DE6-892A-7572F3029D65}
	EndGlobalSection
	GlobalSection(ExtensibilityGlobals) = postSolution
		SolutionGuid = {FE746162-6425-4380-8FDC-8CF3B6379842}
	EndGlobalSection
EndGlobal
